
Microsoft Visual Studio Solution File, Format Version 12.00
# Visual Studio Version 16
VisualStudioVersion = 16.0.31105.61
MinimumVisualStudioVersion = 10.0.40219.1
Project("{8BC9CEB8-8B4A-11D0-8D11-00A0C91BC942}") = "FluidSynthTesting", "FluidSynthTesting\FluidSynthTesting.vcxproj", "{F5A64C2C-4118-4CBA-8A3C-1D78FA2E7D91}"
EndProject
Project("{8BC9CEB8-8B4A-11D0-8D11-00A0C91BC942}") = "FluidSynthAPI", "FluidSynthAPI\FluidSynthAPI.vcxproj", "{DD7F1C4D-707E-45B0-8FAF-470621B15FB8}"
EndProject
Global
	GlobalSection(SolutionConfigurationPlatforms) = preSolution
		Debug|x64 = Debug|x64
		Debug|x86 = Debug|x86
		Release|x64 = Release|x64
		Release|x86 = Release|x86
	EndGlobalSection
	GlobalSection(ProjectConfigurationPlatforms) = postSolution
		{F5A64C2C-4118-4CBA-8A3C-1D78FA2E7D91}.Debug|x64.ActiveCfg = Debug|x64
		{F5A64C2C-4118-4CBA-8A3C-1D78FA2E7D91}.Debug|x64.Build.0 = Debug|x64
		{F5A64C2C-4118-4CBA-8A3C-1D78FA2E7D91}.Debug|x86.ActiveCfg = Debug|Win32
		{F5A64C2C-4118-4CBA-8A3C-1D78FA2E7D91}.Debug|x86.Build.0 = Debug|Win32
		{F5A64C2C-4118-4CBA-8A3C-1D78FA2E7D91}.Release|x64.ActiveCfg = Release|x64
		{F5A64C2C-4118-4CBA-8A3C-1D78FA2E7D91}.Release|x64.Build.0 = Release|x64
		{F5A64C2C-4118-4CBA-8A3C-1D78FA2E7D91}.Release|x86.ActiveCfg = Release|Win32
		{F5A64C2C-4118-4CBA-8A3C-1D78FA2E7D91}.Release|x86.Build.0 = Release|Win32
		{DD7F1C4D-707E-45B0-8FAF-470621B15FB8}.Debug|x64.ActiveCfg = Debug|x64
		{DD7F1C4D-707E-45B0-8FAF-470621B15FB8}.Debug|x64.Build.0 = Debug|x64
		{DD7F1C4D-707E-45B0-8FAF-470621B15FB8}.Debug|x86.ActiveCfg = Debug|Win32
		{DD7F1C4D-707E-45B0-8FAF-470621B15FB8}.Debug|x86.Build.0 = Debug|Win32
		{DD7F1C4D-707E-45B0-8FAF-470621B15FB8}.Release|x64.ActiveCfg = Release|x64
		{DD7F1C4D-707E-45B0-8FAF-470621B15FB8}.Release|x64.Build.0 = Release|x64
		{DD7F1C4D-707E-45B0-8FAF-470621B15FB8}.Release|x86.ActiveCfg = Release|Win32
		{DD7F1C4D-707E-45B0-8FAF-470621B15FB8}.Release|x86.Build.0 = Release|Win32
	EndGlobalSection
	GlobalSection(SolutionProperties) = preSolution
		HideSolutionNode = FALSE
	EndGlobalSection
	GlobalSection(ExtensibilityGlobals) = postSolution
		SolutionGuid = {2EAD86AE-1855-4CAD-B755-29604EFFADC8}
	EndGlobalSection
EndGlobal
